
Microsoft Visual Studio Solution File, Format Version 12.00
# Visual Studio 2012
Project("{FAE04EC0-301F-11D3-BF4B-00C04F79EFBC}") = "FileBrowser_v1", "FileBrowser_v1\FileBrowser_v1.csproj", "{CEC40B57-87FC-4625-BA28-5B92BC9165D6}"
EndProject
Global
	GlobalSection(SolutionConfigurationPlatforms) = preSolution
		Debug|Any CPU = Debug|Any CPU
		Release|Any CPU = Release|Any CPU
	EndGlobalSection
	GlobalSection(ProjectConfigurationPlatforms) = postSolution
		{CEC40B57-87FC-4625-BA28-5B92BC9165D6}.Debug|Any CPU.ActiveCfg = Debug|Any CPU
		{CEC40B57-87FC-4625-BA28-5B92BC9165D6}.Debug|Any CPU.Build.0 = Debug|Any CPU
		{CEC40B57-87FC-4625-BA28-5B92BC9165D6}.Release|Any CPU.ActiveCfg = Release|Any CPU
		{CEC40B57-87FC-4625-BA28-5B92BC9165D6}.Release|Any CPU.Build.0 = Release|Any CPU
	EndGlobalSection
	GlobalSection(SolutionProperties) = preSolution
		HideSolutionNode = FALSE
	EndGlobalSection
EndGlobal
